
Microsoft Visual Studio Solution File, Format Version 12.00
# Visual Studio Version 16
VisualStudioVersion = 16.0.31624.102
MinimumVisualStudioVersion = 10.0.40219.1
Project("{FAE04EC0-301F-11D3-BF4B-00C04F79EFBC}") = "user-api", "user-api\user-api.csproj", "{F02567EE-892B-4801-B0E7-3C835A6FD119}"
EndProject
Global
	GlobalSection(SolutionConfigurationPlatforms) = preSolution
		Debug|Any CPU = Debug|Any CPU
		Release|Any CPU = Release|Any CPU
	EndGlobalSection
	GlobalSection(ProjectConfigurationPlatforms) = postSolution
		{F02567EE-892B-4801-B0E7-3C835A6FD119}.Debug|Any CPU.ActiveCfg = Debug|Any CPU
		{F02567EE-892B-4801-B0E7-3C835A6FD119}.Debug|Any CPU.Build.0 = Debug|Any CPU
		{F02567EE-892B-4801-B0E7-3C835A6FD119}.Release|Any CPU.ActiveCfg = Release|Any CPU
		{F02567EE-892B-4801-B0E7-3C835A6FD119}.Release|Any CPU.Build.0 = Release|Any CPU
	EndGlobalSection
	GlobalSection(SolutionProperties) = preSolution
		HideSolutionNode = FALSE
	EndGlobalSection
	GlobalSection(ExtensibilityGlobals) = postSolution
		SolutionGuid = {E3B11620-C348-4CC6-9353-4FFDEECD420C}
	EndGlobalSection
EndGlobal
